
Microsoft Visual Studio Solution File, Format Version 12.00
# Visual Studio Version 16
VisualStudioVersion = 16.0.30503.244
MinimumVisualStudioVersion = 10.0.40219.1
Project("{FAE04EC0-301F-11D3-BF4B-00C04F79EFBC}") = "WindowsFormsApp3", "WindowsFormsApp3.csproj", "{1652B5B0-497E-435B-AD73-028DDB2A85E3}"
EndProject
Global
	GlobalSection(SolutionConfigurationPlatforms) = preSolution
		Debug|Any CPU = Debug|Any CPU
		Release|Any CPU = Release|Any CPU
	EndGlobalSection
	GlobalSection(ProjectConfigurationPlatforms) = postSolution
		{1652B5B0-497E-435B-AD73-028DDB2A85E3}.Debug|Any CPU.ActiveCfg = Debug|Any CPU
		{1652B5B0-497E-435B-AD73-028DDB2A85E3}.Debug|Any CPU.Build.0 = Debug|Any CPU
		{1652B5B0-497E-435B-AD73-028DDB2A85E3}.Release|Any CPU.ActiveCfg = Release|Any CPU
		{1652B5B0-497E-435B-AD73-028DDB2A85E3}.Release|Any CPU.Build.0 = Release|Any CPU
	EndGlobalSection
	GlobalSection(SolutionProperties) = preSolution
		HideSolutionNode = FALSE
	EndGlobalSection
	GlobalSection(ExtensibilityGlobals) = postSolution
		SolutionGuid = {8F5E25D5-AA43-4DAA-8782-A46966B26820}
	EndGlobalSection
EndGlobal
