
Microsoft Visual Studio Solution File, Format Version 12.00
# Visual Studio Version 16
VisualStudioVersion = 16.0.30503.244
MinimumVisualStudioVersion = 10.0.40219.1
Project("{FAE04EC0-301F-11D3-BF4B-00C04F79EFBC}") = "WindowsFormsApp1", "WindowsFormsApp1.csproj", "{15D8C9EB-F9B0-464E-A254-AFE79AEA6FDC}"
EndProject
Global
	GlobalSection(SolutionConfigurationPlatforms) = preSolution
		Debug|Any CPU = Debug|Any CPU
		Release|Any CPU = Release|Any CPU
	EndGlobalSection
	GlobalSection(ProjectConfigurationPlatforms) = postSolution
		{15D8C9EB-F9B0-464E-A254-AFE79AEA6FDC}.Debug|Any CPU.ActiveCfg = Debug|Any CPU
		{15D8C9EB-F9B0-464E-A254-AFE79AEA6FDC}.Debug|Any CPU.Build.0 = Debug|Any CPU
		{15D8C9EB-F9B0-464E-A254-AFE79AEA6FDC}.Release|Any CPU.ActiveCfg = Release|Any CPU
		{15D8C9EB-F9B0-464E-A254-AFE79AEA6FDC}.Release|Any CPU.Build.0 = Release|Any CPU
	EndGlobalSection
	GlobalSection(SolutionProperties) = preSolution
		HideSolutionNode = FALSE
	EndGlobalSection
	GlobalSection(ExtensibilityGlobals) = postSolution
		SolutionGuid = {8FDEB6D5-7910-4AFB-BCC5-F5EB5EFD5CB0}
	EndGlobalSection
EndGlobal
